
Microsoft Visual Studio Solution File, Format Version 12.00
# Visual Studio 2015
Project("{FAE04EC0-301F-11D3-BF4B-00C04F79EFBC}") = "Space Buster.CSharp.Plugins", "Space Buster.CSharp.Plugins.csproj", "{FC3936B7-ABF8-4067-2353-045F237848D3}"
EndProject
Project("{FAE04EC0-301F-11D3-BF4B-00C04F79EFBC}") = "Space Buster.CSharp", "Space Buster.CSharp.csproj", "{F6F2BBB2-1E7F-0101-7B93-2B76D58F3931}"
EndProject
Project("{FAE04EC0-301F-11D3-BF4B-00C04F79EFBC}") = "Space Buster.CSharp.Editor.Plugins", "Space Buster.CSharp.Editor.Plugins.csproj", "{08883312-7FC2-B903-E443-2FF6F48DFE33}"
EndProject
Global
	GlobalSection(SolutionConfigurationPlatforms) = preSolution
		Debug|Any CPU = Debug|Any CPU
		Release|Any CPU = Release|Any CPU
	EndGlobalSection
	GlobalSection(ProjectConfigurationPlatforms) = postSolution
		{FC3936B7-ABF8-4067-2353-045F237848D3}.Debug|Any CPU.ActiveCfg = Debug|Any CPU
		{FC3936B7-ABF8-4067-2353-045F237848D3}.Debug|Any CPU.Build.0 = Debug|Any CPU
		{FC3936B7-ABF8-4067-2353-045F237848D3}.Release|Any CPU.ActiveCfg = Release|Any CPU
		{FC3936B7-ABF8-4067-2353-045F237848D3}.Release|Any CPU.Build.0 = Release|Any CPU
		{F6F2BBB2-1E7F-0101-7B93-2B76D58F3931}.Debug|Any CPU.ActiveCfg = Debug|Any CPU
		{F6F2BBB2-1E7F-0101-7B93-2B76D58F3931}.Debug|Any CPU.Build.0 = Debug|Any CPU
		{F6F2BBB2-1E7F-0101-7B93-2B76D58F3931}.Release|Any CPU.ActiveCfg = Release|Any CPU
		{F6F2BBB2-1E7F-0101-7B93-2B76D58F3931}.Release|Any CPU.Build.0 = Release|Any CPU
		{08883312-7FC2-B903-E443-2FF6F48DFE33}.Debug|Any CPU.ActiveCfg = Debug|Any CPU
		{08883312-7FC2-B903-E443-2FF6F48DFE33}.Debug|Any CPU.Build.0 = Debug|Any CPU
		{08883312-7FC2-B903-E443-2FF6F48DFE33}.Release|Any CPU.ActiveCfg = Release|Any CPU
		{08883312-7FC2-B903-E443-2FF6F48DFE33}.Release|Any CPU.Build.0 = Release|Any CPU
	EndGlobalSection
	GlobalSection(SolutionProperties) = preSolution
		HideSolutionNode = FALSE
	EndGlobalSection
EndGlobal
